// !$*UTF8*$!
{
	archiveVersion = 1;
	classes = {
	};
	objectVersion = 60;
	objects = {

/* Begin PBXBuildFile section */
		3A2F99112C27698E0098F106 /* DocumentInteractionController.swift in Sources */ = {isa = PBXBuildFile; fileRef = 3A2F99102C27698E0098F106 /* DocumentInteractionController.swift */; };
		3A2F99182C2781660098F106 /* Kingfisher in Frameworks */ = {isa = PBXBuildFile; productRef = 3A2F99172C2781660098F106 /* Kingfisher */; };
		3A2F991B2C2784490098F106 /* PkmnApi in Frameworks */ = {isa = PBXBuildFile; productRef = 3A2F991A2C2784490098F106 /* PkmnApi */; };
		3A3C38092B8CD67E006E5CDE /* ScanButton.swift in Sources */ = {isa = PBXBuildFile; fileRef = 3A3C38082B8CD67E006E5CDE /* ScanButton.swift */; };
		3A3C380B2B8CE160006E5CDE /* ScannerViewController.swift in Sources */ = {isa = PBXBuildFile; fileRef = 3A3C380A2B8CE160006E5CDE /* ScannerViewController.swift */; };
		3A3C380D2B8CE1AB006E5CDE /* ScannerView.swift in Sources */ = {isa = PBXBuildFile; fileRef = 3A3C380C2B8CE1AB006E5CDE /* ScannerView.swift */; };
		3A3C380F2B8D01E0006E5CDE /* GenerationCheckMarkView.swift in Sources */ = {isa = PBXBuildFile; fileRef = 3A3C380E2B8D01E0006E5CDE /* GenerationCheckMarkView.swift */; };
		3A3C38152B8FAE31006E5CDE /* Dex.mlmodel in Sources */ = {isa = PBXBuildFile; fileRef = 3A3C38142B8FAE31006E5CDE /* Dex.mlmodel */; };
		3AB6ED5E2B8A5B41009B24B4 /* CoreDexApp.swift in Sources */ = {isa = PBXBuildFile; fileRef = 3AB6ED5D2B8A5B41009B24B4 /* CoreDexApp.swift */; };
		3AB6ED602B8A5B41009B24B4 /* ContentView.swift in Sources */ = {isa = PBXBuildFile; fileRef = 3AB6ED5F2B8A5B41009B24B4 /* ContentView.swift */; };
		3AB6ED622B8A5B42009B24B4 /* Assets.xcassets in Resources */ = {isa = PBXBuildFile; fileRef = 3AB6ED612B8A5B42009B24B4 /* Assets.xcassets */; };
		3AB6ED652B8A5B42009B24B4 /* Preview Assets.xcassets in Resources */ = {isa = PBXBuildFile; fileRef = 3AB6ED642B8A5B42009B24B4 /* Preview Assets.xcassets */; };
		3AB6ED812B8A8BCF009B24B4 /* getPokemonByDexNumber.graphql in Resources */ = {isa = PBXBuildFile; fileRef = 3AB6ED802B8A8BCF009B24B4 /* getPokemonByDexNumber.graphql */; };
		3AB6ED832B8A8C91009B24B4 /* schema.graphqls in Resources */ = {isa = PBXBuildFile; fileRef = 3AB6ED822B8A8C91009B24B4 /* schema.graphqls */; };
		3AB6ED8D2B8A924E009B24B4 /* ImagePredictor.swift in Sources */ = {isa = PBXBuildFile; fileRef = 3AB6ED8C2B8A924E009B24B4 /* ImagePredictor.swift */; };
		3ACEBA2B2B8B676500BFF4CF /* DexEntryView.swift in Sources */ = {isa = PBXBuildFile; fileRef = 3ACEBA2A2B8B676500BFF4CF /* DexEntryView.swift */; };
		3ACEBA312B8B8C4700BFF4CF /* Apollo in Frameworks */ = {isa = PBXBuildFile; productRef = 3ACEBA302B8B8C4700BFF4CF /* Apollo */; };
		3ACEBA372B8B9E8F00BFF4CF /* ColorUtils.swift in Sources */ = {isa = PBXBuildFile; fileRef = 3ACEBA362B8B9E8F00BFF4CF /* ColorUtils.swift */; };
		3ACEBA392B8BD40000BFF4CF /* AudioPlayerDelegate.swift in Sources */ = {isa = PBXBuildFile; fileRef = 3ACEBA382B8BD40000BFF4CF /* AudioPlayerDelegate.swift */; };
/* End PBXBuildFile section */

/* Begin PBXFileReference section */
		3A2F99102C27698E0098F106 /* DocumentInteractionController.swift */ = {isa = PBXFileReference; lastKnownFileType = sourcecode.swift; path = DocumentInteractionController.swift; sourceTree = "<group>"; };
		3A3C38082B8CD67E006E5CDE /* ScanButton.swift */ = {isa = PBXFileReference; lastKnownFileType = sourcecode.swift; path = ScanButton.swift; sourceTree = "<group>"; };
		3A3C380A2B8CE160006E5CDE /* ScannerViewController.swift */ = {isa = PBXFileReference; lastKnownFileType = sourcecode.swift; path = ScannerViewController.swift; sourceTree = "<group>"; };
		3A3C380C2B8CE1AB006E5CDE /* ScannerView.swift */ = {isa = PBXFileReference; lastKnownFileType = sourcecode.swift; path = ScannerView.swift; sourceTree = "<group>"; };
		3A3C380E2B8D01E0006E5CDE /* GenerationCheckMarkView.swift */ = {isa = PBXFileReference; lastKnownFileType = sourcecode.swift; path = GenerationCheckMarkView.swift; sourceTree = "<group>"; };
		3A3C38142B8FAE31006E5CDE /* Dex.mlmodel */ = {isa = PBXFileReference; lastKnownFileType = file.mlmodel; path = Dex.mlmodel; sourceTree = "<group>"; };
		3AB6ED5A2B8A5B41009B24B4 /* CoreDex.app */ = {isa = PBXFileReference; explicitFileType = wrapper.application; includeInIndex = 0; path = CoreDex.app; sourceTree = BUILT_PRODUCTS_DIR; };
		3AB6ED5D2B8A5B41009B24B4 /* CoreDexApp.swift */ = {isa = PBXFileReference; lastKnownFileType = sourcecode.swift; path = CoreDexApp.swift; sourceTree = "<group>"; };
		3AB6ED5F2B8A5B41009B24B4 /* ContentView.swift */ = {isa = PBXFileReference; lastKnownFileType = sourcecode.swift; path = ContentView.swift; sourceTree = "<group>"; };
		3AB6ED612B8A5B42009B24B4 /* Assets.xcassets */ = {isa = PBXFileReference; lastKnownFileType = folder.assetcatalog; path = Assets.xcassets; sourceTree = "<group>"; };
		3AB6ED642B8A5B42009B24B4 /* Preview Assets.xcassets */ = {isa = PBXFileReference; lastKnownFileType = folder.assetcatalog; path = "Preview Assets.xcassets"; sourceTree = "<group>"; };
		3AB6ED802B8A8BCF009B24B4 /* getPokemonByDexNumber.graphql */ = {isa = PBXFileReference; lastKnownFileType = text; path = getPokemonByDexNumber.graphql; sourceTree = "<group>"; };
		3AB6ED822B8A8C91009B24B4 /* schema.graphqls */ = {isa = PBXFileReference; fileEncoding = 4; lastKnownFileType = text; path = schema.graphqls; sourceTree = "<group>"; };
		3AB6ED8C2B8A924E009B24B4 /* ImagePredictor.swift */ = {isa = PBXFileReference; lastKnownFileType = sourcecode.swift; path = ImagePredictor.swift; sourceTree = "<group>"; };
		3ACEBA2A2B8B676500BFF4CF /* DexEntryView.swift */ = {isa = PBXFileReference; lastKnownFileType = sourcecode.swift; path = DexEntryView.swift; sourceTree = "<group>"; };
		3ACEBA362B8B9E8F00BFF4CF /* ColorUtils.swift */ = {isa = PBXFileReference; lastKnownFileType = sourcecode.swift; path = ColorUtils.swift; sourceTree = "<group>"; };
		3ACEBA382B8BD40000BFF4CF /* AudioPlayerDelegate.swift */ = {isa = PBXFileReference; lastKnownFileType = sourcecode.swift; path = AudioPlayerDelegate.swift; sourceTree = "<group>"; };
		3AD803DA2C2652A300E167F0 /* Info.plist */ = {isa = PBXFileReference; lastKnownFileType = text.plist; path = Info.plist; sourceTree = "<group>"; };
/* End PBXFileReference section */

/* Begin PBXFrameworksBuildPhase section */
		3AB6ED572B8A5B41009B24B4 /* Frameworks */ = {
			isa = PBXFrameworksBuildPhase;
			buildActionMask = 2147483647;
			files = (
				3A2F991B2C2784490098F106 /* PkmnApi in Frameworks */,
				3A2F99182C2781660098F106 /* Kingfisher in Frameworks */,
				3ACEBA312B8B8C4700BFF4CF /* Apollo in Frameworks */,
			);
			runOnlyForDeploymentPostprocessing = 0;
		};
/* End PBXFrameworksBuildPhase section */

/* Begin PBXGroup section */
		3AB6ED512B8A5B41009B24B4 = {
			isa = PBXGroup;
			children = (
				3AB6ED5C2B8A5B41009B24B4 /* CoreDex */,
				3AB6ED5B2B8A5B41009B24B4 /* Products */,
			);
			sourceTree = "<group>";
		};
		3AB6ED5B2B8A5B41009B24B4 /* Products */ = {
			isa = PBXGroup;
			children = (
				3AB6ED5A2B8A5B41009B24B4 /* CoreDex.app */,
			);
			name = Products;
			sourceTree = "<group>";
		};
		3AB6ED5C2B8A5B41009B24B4 /* CoreDex */ = {
			isa = PBXGroup;
			children = (
				3AD803DA2C2652A300E167F0 /* Info.plist */,
				3ACEBA352B8B9DC900BFF4CF /* Util */,
				3ACEBA342B8B9DAB00BFF4CF /* Views */,
				3AB6ED8B2B8A8F60009B24B4 /* CoreML */,
				3AB6ED7D2B8A8327009B24B4 /* GraphQL */,
				3AB6ED5D2B8A5B41009B24B4 /* CoreDexApp.swift */,
				3AB6ED612B8A5B42009B24B4 /* Assets.xcassets */,
				3AB6ED632B8A5B42009B24B4 /* Preview Content */,
			);
			path = CoreDex;
			sourceTree = "<group>";
		};
		3AB6ED632B8A5B42009B24B4 /* Preview Content */ = {
			isa = PBXGroup;
			children = (
				3AB6ED642B8A5B42009B24B4 /* Preview Assets.xcassets */,
			);
			path = "Preview Content";
			sourceTree = "<group>";
		};
		3AB6ED7D2B8A8327009B24B4 /* GraphQL */ = {
			isa = PBXGroup;
			children = (
				3AB6ED822B8A8C91009B24B4 /* schema.graphqls */,
				3AB6ED802B8A8BCF009B24B4 /* getPokemonByDexNumber.graphql */,
			);
			path = GraphQL;
			sourceTree = "<group>";
		};
		3AB6ED8B2B8A8F60009B24B4 /* CoreML */ = {
			isa = PBXGroup;
			children = (
				3A3C38142B8FAE31006E5CDE /* Dex.mlmodel */,
				3AB6ED8C2B8A924E009B24B4 /* ImagePredictor.swift */,
			);
			path = CoreML;
			sourceTree = "<group>";
		};
		3ACEBA342B8B9DAB00BFF4CF /* Views */ = {
			isa = PBXGroup;
			children = (
				3AB6ED5F2B8A5B41009B24B4 /* ContentView.swift */,
				3ACEBA2A2B8B676500BFF4CF /* DexEntryView.swift */,
				3A3C38082B8CD67E006E5CDE /* ScanButton.swift */,
				3A3C380C2B8CE1AB006E5CDE /* ScannerView.swift */,
				3A3C380E2B8D01E0006E5CDE /* GenerationCheckMarkView.swift */,
			);
			path = Views;
			sourceTree = "<group>";
		};
		3ACEBA352B8B9DC900BFF4CF /* Util */ = {
			isa = PBXGroup;
			children = (
				3ACEBA362B8B9E8F00BFF4CF /* ColorUtils.swift */,
				3ACEBA382B8BD40000BFF4CF /* AudioPlayerDelegate.swift */,
				3A3C380A2B8CE160006E5CDE /* ScannerViewController.swift */,
				3A2F99102C27698E0098F106 /* DocumentInteractionController.swift */,
			);
			path = Util;
			sourceTree = "<group>";
		};
/* End PBXGroup section */

/* Begin PBXNativeTarget section */
		3AB6ED592B8A5B41009B24B4 /* CoreDex */ = {
			isa = PBXNativeTarget;
			buildConfigurationList = 3AB6ED682B8A5B42009B24B4 /* Build configuration list for PBXNativeTarget "CoreDex" */;
			buildPhases = (
				3AB6ED562B8A5B41009B24B4 /* Sources */,
				3AB6ED572B8A5B41009B24B4 /* Frameworks */,
				3AB6ED582B8A5B41009B24B4 /* Resources */,
			);
			buildRules = (
			);
			dependencies = (
			);
			name = CoreDex;
			packageProductDependencies = (
				3ACEBA302B8B8C4700BFF4CF /* Apollo */,
				3A2F99172C2781660098F106 /* Kingfisher */,
				3A2F991A2C2784490098F106 /* PkmnApi */,
			);
			productName = CoreDex;
			productReference = 3AB6ED5A2B8A5B41009B24B4 /* CoreDex.app */;
			productType = "com.apple.product-type.application";
		};
/* End PBXNativeTarget section */

/* Begin PBXProject section */
		3AB6ED522B8A5B41009B24B4 /* Project object */ = {
			isa = PBXProject;
			attributes = {
				BuildIndependentTargetsInParallel = 1;
				LastSwiftUpdateCheck = 1520;
				LastUpgradeCheck = 1520;
				TargetAttributes = {
					3AB6ED592B8A5B41009B24B4 = {
						CreatedOnToolsVersion = 15.2;
					};
				};
			};
			buildConfigurationList = 3AB6ED552B8A5B41009B24B4 /* Build configuration list for PBXProject "CoreDex" */;
			compatibilityVersion = "Xcode 14.0";
			developmentRegion = en;
			hasScannedForEncodings = 0;
			knownRegions = (
				en,
				Base,
			);
			mainGroup = 3AB6ED512B8A5B41009B24B4;
			packageReferences = (
				3ACEBA2F2B8B8C4700BFF4CF /* XCRemoteSwiftPackageReference "apollo-ios" */,
				3A2F99162C2781660098F106 /* XCRemoteSwiftPackageReference "Kingfisher" */,
				3A2F99192C2784490098F106 /* XCLocalSwiftPackageReference "PkmnApi" */,
			);
			productRefGroup = 3AB6ED5B2B8A5B41009B24B4 /* Products */;
			projectDirPath = "";
			projectRoot = "";
			targets = (
				3AB6ED592B8A5B41009B24B4 /* CoreDex */,
			);
		};
/* End PBXProject section */

/* Begin PBXResourcesBuildPhase section */
		3AB6ED582B8A5B41009B24B4 /* Resources */ = {
			isa = PBXResourcesBuildPhase;
			buildActionMask = 2147483647;
			files = (
				3AB6ED652B8A5B42009B24B4 /* Preview Assets.xcassets in Resources */,
				3AB6ED832B8A8C91009B24B4 /* schema.graphqls in Resources */,
				3AB6ED812B8A8BCF009B24B4 /* getPokemonByDexNumber.graphql in Resources */,
				3AB6ED622B8A5B42009B24B4 /* Assets.xcassets in Resources */,
			);
			runOnlyForDeploymentPostprocessing = 0;
		};
/* End PBXResourcesBuildPhase section */

/* Begin PBXSourcesBuildPhase section */
		3AB6ED562B8A5B41009B24B4 /* Sources */ = {
			isa = PBXSourcesBuildPhase;
			buildActionMask = 2147483647;
			files = (
				3A3C380F2B8D01E0006E5CDE /* GenerationCheckMarkView.swift in Sources */,
				3A3C38092B8CD67E006E5CDE /* ScanButton.swift in Sources */,
				3AB6ED602B8A5B41009B24B4 /* ContentView.swift in Sources */,
				3ACEBA372B8B9E8F00BFF4CF /* ColorUtils.swift in Sources */,
				3A3C38152B8FAE31006E5CDE /* Dex.mlmodel in Sources */,
				3A2F99112C27698E0098F106 /* DocumentInteractionController.swift in Sources */,
				3AB6ED8D2B8A924E009B24B4 /* ImagePredictor.swift in Sources */,
				3AB6ED5E2B8A5B41009B24B4 /* CoreDexApp.swift in Sources */,
				3ACEBA392B8BD40000BFF4CF /* AudioPlayerDelegate.swift in Sources */,
				3A3C380D2B8CE1AB006E5CDE /* ScannerView.swift in Sources */,
				3ACEBA2B2B8B676500BFF4CF /* DexEntryView.swift in Sources */,
				3A3C380B2B8CE160006E5CDE /* ScannerViewController.swift in Sources */,
			);
			runOnlyForDeploymentPostprocessing = 0;
		};
/* End PBXSourcesBuildPhase section */

/* Begin XCBuildConfiguration section */
		3AB6ED662B8A5B42009B24B4 /* Debug */ = {
			isa = XCBuildConfiguration;
			buildSettings = {
				ALWAYS_SEARCH_USER_PATHS = NO;
				ASSETCATALOG_COMPILER_GENERATE_SWIFT_ASSET_SYMBOL_EXTENSIONS = YES;
				CLANG_ANALYZER_NONNULL = YES;
				CLANG_ANALYZER_NUMBER_OBJECT_CONVERSION = YES_AGGRESSIVE;
				CLANG_CXX_LANGUAGE_STANDARD = "gnu++20";
				CLANG_ENABLE_MODULES = YES;
				CLANG_ENABLE_OBJC_ARC = YES;
				CLANG_ENABLE_OBJC_WEAK = YES;
				CLANG_WARN_BLOCK_CAPTURE_AUTORELEASING = YES;
				CLANG_WARN_BOOL_CONVERSION = YES;
				CLANG_WARN_COMMA = YES;
				CLANG_WARN_CONSTANT_CONVERSION = YES;
				CLANG_WARN_DEPRECATED_OBJC_IMPLEMENTATIONS = YES;
				CLANG_WARN_DIRECT_OBJC_ISA_USAGE = YES_ERROR;
				CLANG_WARN_DOCUMENTATION_COMMENTS = YES;
				CLANG_WARN_EMPTY_BODY = YES;
				CLANG_WARN_ENUM_CONVERSION = YES;
				CLANG_WARN_INFINITE_RECURSION = YES;
				CLANG_WARN_INT_CONVERSION = YES;
				CLANG_WARN_NON_LITERAL_NULL_CONVERSION = YES;
				CLANG_WARN_OBJC_IMPLICIT_RETAIN_SELF = YES;
				CLANG_WARN_OBJC_LITERAL_CONVERSION = YES;
				CLANG_WARN_OBJC_ROOT_CLASS = YES_ERROR;
				CLANG_WARN_QUOTED_INCLUDE_IN_FRAMEWORK_HEADER = YES;
				CLANG_WARN_RANGE_LOOP_ANALYSIS = YES;
				CLANG_WARN_STRICT_PROTOTYPES = YES;
				CLANG_WARN_SUSPICIOUS_MOVE = YES;
				CLANG_WARN_UNGUARDED_AVAILABILITY = YES_AGGRESSIVE;
				CLANG_WARN_UNREACHABLE_CODE = YES;
				CLANG_WARN__DUPLICATE_METHOD_MATCH = YES;
				COPY_PHASE_STRIP = NO;
				DEBUG_INFORMATION_FORMAT = dwarf;
				ENABLE_STRICT_OBJC_MSGSEND = YES;
				ENABLE_TESTABILITY = YES;
				ENABLE_USER_SCRIPT_SANDBOXING = YES;
				GCC_C_LANGUAGE_STANDARD = gnu17;
				GCC_DYNAMIC_NO_PIC = NO;
				GCC_NO_COMMON_BLOCKS = YES;
				GCC_OPTIMIZATION_LEVEL = 0;
				GCC_PREPROCESSOR_DEFINITIONS = (
					"DEBUG=1",
					"$(inherited)",
				);
				GCC_WARN_64_TO_32_BIT_CONVERSION = YES;
				GCC_WARN_ABOUT_RETURN_TYPE = YES_ERROR;
				GCC_WARN_UNDECLARED_SELECTOR = YES;
				GCC_WARN_UNINITIALIZED_AUTOS = YES_AGGRESSIVE;
				GCC_WARN_UNUSED_FUNCTION = YES;
				GCC_WARN_UNUSED_VARIABLE = YES;
				IPHONEOS_DEPLOYMENT_TARGET = 17.0;
				LOCALIZATION_PREFERS_STRING_CATALOGS = YES;
				MTL_ENABLE_DEBUG_INFO = INCLUDE_SOURCE;
				MTL_FAST_MATH = YES;
				ONLY_ACTIVE_ARCH = YES;
				SDKROOT = iphoneos;
				SWIFT_ACTIVE_COMPILATION_CONDITIONS = "DEBUG $(inherited)";
				SWIFT_OPTIMIZATION_LEVEL = "-Onone";
			};
			name = Debug;
		};
		3AB6ED672B8A5B42009B24B4 /* Release */ = {
			isa = XCBuildConfiguration;
			buildSettings = {
				ALWAYS_SEARCH_USER_PATHS = NO;
				ASSETCATALOG_COMPILER_GENERATE_SWIFT_ASSET_SYMBOL_EXTENSIONS = YES;
				CLANG_ANALYZER_NONNULL = YES;
				CLANG_ANALYZER_NUMBER_OBJECT_CONVERSION = YES_AGGRESSIVE;
				CLANG_CXX_LANGUAGE_STANDARD = "gnu++20";
				CLANG_ENABLE_MODULES = YES;
				CLANG_ENABLE_OBJC_ARC = YES;
				CLANG_ENABLE_OBJC_WEAK = YES;
				CLANG_WARN_BLOCK_CAPTURE_AUTORELEASING = YES;
				CLANG_WARN_BOOL_CONVERSION = YES;
				CLANG_WARN_COMMA = YES;
				CLANG_WARN_CONSTANT_CONVERSION = YES;
				CLANG_WARN_DEPRECATED_OBJC_IMPLEMENTATIONS = YES;
				CLANG_WARN_DIRECT_OBJC_ISA_USAGE = YES_ERROR;
				CLANG_WARN_DOCUMENTATION_COMMENTS = YES;
				CLANG_WARN_EMPTY_BODY = YES;
				CLANG_WARN_ENUM_CONVERSION = YES;
				CLANG_WARN_INFINITE_RECURSION = YES;
				CLANG_WARN_INT_CONVERSION = YES;
				CLANG_WARN_NON_LITERAL_NULL_CONVERSION = YES;
				CLANG_WARN_OBJC_IMPLICIT_RETAIN_SELF = YES;
				CLANG_WARN_OBJC_LITERAL_CONVERSION = YES;
				CLANG_WARN_OBJC_ROOT_CLASS = YES_ERROR;
				CLANG_WARN_QUOTED_INCLUDE_IN_FRAMEWORK_HEADER = YES;
				CLANG_WARN_RANGE_LOOP_ANALYSIS = YES;
				CLANG_WARN_STRICT_PROTOTYPES = YES;
				CLANG_WARN_SUSPICIOUS_MOVE = YES;
				CLANG_WARN_UNGUARDED_AVAILABILITY = YES_AGGRESSIVE;
				CLANG_WARN_UNREACHABLE_CODE = YES;
				CLANG_WARN__DUPLICATE_METHOD_MATCH = YES;
				COPY_PHASE_STRIP = NO;
				DEBUG_INFORMATION_FORMAT = "dwarf-with-dsym";
				ENABLE_NS_ASSERTIONS = NO;
				ENABLE_STRICT_OBJC_MSGSEND = YES;
				ENABLE_USER_SCRIPT_SANDBOXING = YES;
				GCC_C_LANGUAGE_STANDARD = gnu17;
				GCC_NO_COMMON_BLOCKS = YES;
				GCC_WARN_64_TO_32_BIT_CONVERSION = YES;
				GCC_WARN_ABOUT_RETURN_TYPE = YES_ERROR;
				GCC_WARN_UNDECLARED_SELECTOR = YES;
				GCC_WARN_UNINITIALIZED_AUTOS = YES_AGGRESSIVE;
				GCC_WARN_UNUSED_FUNCTION = YES;
				GCC_WARN_UNUSED_VARIABLE = YES;
				IPHONEOS_DEPLOYMENT_TARGET = 17.0;
				LOCALIZATION_PREFERS_STRING_CATALOGS = YES;
				MTL_ENABLE_DEBUG_INFO = NO;
				MTL_FAST_MATH = YES;
				SDKROOT = iphoneos;
				SWIFT_COMPILATION_MODE = wholemodule;
				VALIDATE_PRODUCT = YES;
			};
			name = Release;
		};
		3AB6ED692B8A5B42009B24B4 /* Debug */ = {
			isa = XCBuildConfiguration;
			buildSettings = {
				ASSETCATALOG_COMPILER_APPICON_NAME = AppIcon;
				ASSETCATALOG_COMPILER_GLOBAL_ACCENT_COLOR_NAME = AccentColor;
				CODE_SIGN_STYLE = Automatic;
				CURRENT_PROJECT_VERSION = 5;
				DEVELOPMENT_ASSET_PATHS = "\"CoreDex/Preview Content\"";
				DEVELOPMENT_TEAM = L988J7YMK5;
				ENABLE_PREVIEWS = YES;
				GENERATE_INFOPLIST_FILE = YES;
				INFOPLIST_FILE = CoreDex/Info.plist;
				INFOPLIST_KEY_CFBundleDisplayName = CoreDex;
				INFOPLIST_KEY_LSApplicationCategoryType = "public.app-category.utilities";
				INFOPLIST_KEY_NSCameraUsageDescription = "Camera is used to identify PokéMon";
				INFOPLIST_KEY_UIApplicationSceneManifest_Generation = YES;
				INFOPLIST_KEY_UIApplicationSupportsIndirectInputEvents = YES;
				INFOPLIST_KEY_UILaunchScreen_Generation = YES;
				INFOPLIST_KEY_UISupportedInterfaceOrientations_iPad = "UIInterfaceOrientationPortrait UIInterfaceOrientationPortraitUpsideDown UIInterfaceOrientationLandscapeLeft UIInterfaceOrientationLandscapeRight";
				INFOPLIST_KEY_UISupportedInterfaceOrientations_iPhone = "UIInterfaceOrientationPortrait UIInterfaceOrientationLandscapeLeft UIInterfaceOrientationLandscapeRight";
				IPHONEOS_DEPLOYMENT_TARGET = 17.0;
				LD_RUNPATH_SEARCH_PATHS = (
					"$(inherited)",
					"@executable_path/Frameworks",
				);
				MARKETING_VERSION = 0.1.0;
				PRODUCT_BUNDLE_IDENTIFIER = dev.adrian.CoreDex;
				PRODUCT_NAME = "$(TARGET_NAME)";
				SWIFT_EMIT_LOC_STRINGS = YES;
				SWIFT_VERSION = 5.0;
				TARGETED_DEVICE_FAMILY = "1,2";
			};
			name = Debug;
		};
		3AB6ED6A2B8A5B42009B24B4 /* Release */ = {
			isa = XCBuildConfiguration;
			buildSettings = {
				ASSETCATALOG_COMPILER_APPICON_NAME = AppIcon;
				ASSETCATALOG_COMPILER_GLOBAL_ACCENT_COLOR_NAME = AccentColor;
				CODE_SIGN_STYLE = Automatic;
				CURRENT_PROJECT_VERSION = 5;
				DEVELOPMENT_ASSET_PATHS = "\"CoreDex/Preview Content\"";
				DEVELOPMENT_TEAM = L988J7YMK5;
				ENABLE_PREVIEWS = YES;
				GENERATE_INFOPLIST_FILE = YES;
				INFOPLIST_FILE = CoreDex/Info.plist;
				INFOPLIST_KEY_CFBundleDisplayName = CoreDex;
				INFOPLIST_KEY_LSApplicationCategoryType = "public.app-category.utilities";
				INFOPLIST_KEY_NSCameraUsageDescription = "Camera is used to identify PokéMon";
				INFOPLIST_KEY_UIApplicationSceneManifest_Generation = YES;
				INFOPLIST_KEY_UIApplicationSupportsIndirectInputEvents = YES;
				INFOPLIST_KEY_UILaunchScreen_Generation = YES;
				INFOPLIST_KEY_UISupportedInterfaceOrientations_iPad = "UIInterfaceOrientationPortrait UIInterfaceOrientationPortraitUpsideDown UIInterfaceOrientationLandscapeLeft UIInterfaceOrientationLandscapeRight";
				INFOPLIST_KEY_UISupportedInterfaceOrientations_iPhone = "UIInterfaceOrientationPortrait UIInterfaceOrientationLandscapeLeft UIInterfaceOrientationLandscapeRight";
				IPHONEOS_DEPLOYMENT_TARGET = 17.0;
				LD_RUNPATH_SEARCH_PATHS = (
					"$(inherited)",
					"@executable_path/Frameworks",
				);
				MARKETING_VERSION = 0.1.0;
				PRODUCT_BUNDLE_IDENTIFIER = dev.adrian.CoreDex;
				PRODUCT_NAME = "$(TARGET_NAME)";
				SWIFT_EMIT_LOC_STRINGS = YES;
				SWIFT_VERSION = 5.0;
				TARGETED_DEVICE_FAMILY = "1,2";
			};
			name = Release;
		};
/* End XCBuildConfiguration section */

/* Begin XCConfigurationList section */
		3AB6ED552B8A5B41009B24B4 /* Build configuration list for PBXProject "CoreDex" */ = {
			isa = XCConfigurationList;
			buildConfigurations = (
				3AB6ED662B8A5B42009B24B4 /* Debug */,
				3AB6ED672B8A5B42009B24B4 /* Release */,
			);
			defaultConfigurationIsVisible = 0;
			defaultConfigurationName = Release;
		};
		3AB6ED682B8A5B42009B24B4 /* Build configuration list for PBXNativeTarget "CoreDex" */ = {
			isa = XCConfigurationList;
			buildConfigurations = (
				3AB6ED692B8A5B42009B24B4 /* Debug */,
				3AB6ED6A2B8A5B42009B24B4 /* Release */,
			);
			defaultConfigurationIsVisible = 0;
			defaultConfigurationName = Release;
		};
/* End XCConfigurationList section */

/* Begin XCLocalSwiftPackageReference section */
		3A2F99192C2784490098F106 /* XCLocalSwiftPackageReference "PkmnApi" */ = {
			isa = XCLocalSwiftPackageReference;
			relativePath = PkmnApi;
		};
/* End XCLocalSwiftPackageReference section */

/* Begin XCRemoteSwiftPackageReference section */
		3A2F99162C2781660098F106 /* XCRemoteSwiftPackageReference "Kingfisher" */ = {
			isa = XCRemoteSwiftPackageReference;
			repositoryURL = "https://github.com/onevcat/Kingfisher.git";
			requirement = {
				kind = upToNextMajorVersion;
				minimumVersion = 7.12.0;
			};
		};
		3ACEBA2F2B8B8C4700BFF4CF /* XCRemoteSwiftPackageReference "apollo-ios" */ = {
			isa = XCRemoteSwiftPackageReference;
			repositoryURL = "https://github.com/apollographql/apollo-ios.git";
			requirement = {
				kind = upToNextMajorVersion;
				minimumVersion = 1.9.0;
			};
		};
/* End XCRemoteSwiftPackageReference section */

/* Begin XCSwiftPackageProductDependency section */
		3A2F99172C2781660098F106 /* Kingfisher */ = {
			isa = XCSwiftPackageProductDependency;
			package = 3A2F99162C2781660098F106 /* XCRemoteSwiftPackageReference "Kingfisher" */;
			productName = Kingfisher;
		};
		3A2F991A2C2784490098F106 /* PkmnApi */ = {
			isa = XCSwiftPackageProductDependency;
			productName = PkmnApi;
		};
		3ACEBA302B8B8C4700BFF4CF /* Apollo */ = {
			isa = XCSwiftPackageProductDependency;
			package = 3ACEBA2F2B8B8C4700BFF4CF /* XCRemoteSwiftPackageReference "apollo-ios" */;
			productName = Apollo;
		};
/* End XCSwiftPackageProductDependency section */
	};
	rootObject = 3AB6ED522B8A5B41009B24B4 /* Project object */;
}
